
Microsoft Visual Studio Solution File, Format Version 11.00
# Visual C++ Express 2010
Project("{8BC9CEB8-8B4A-11D0-8D11-00A0C91BC942}") = "자구 report01 num01", "자구 report01 num01\자구 report01 num01.vcxproj", "{DB516999-5751-45F7-A4FB-219A0C3DE6C8}"
EndProject
Global
	GlobalSection(SolutionConfigurationPlatforms) = preSolution
		Debug|Win32 = Debug|Win32
		Release|Win32 = Release|Win32
	EndGlobalSection
	GlobalSection(ProjectConfigurationPlatforms) = postSolution
		{DB516999-5751-45F7-A4FB-219A0C3DE6C8}.Debug|Win32.ActiveCfg = Debug|Win32
		{DB516999-5751-45F7-A4FB-219A0C3DE6C8}.Debug|Win32.Build.0 = Debug|Win32
		{DB516999-5751-45F7-A4FB-219A0C3DE6C8}.Release|Win32.ActiveCfg = Release|Win32
		{DB516999-5751-45F7-A4FB-219A0C3DE6C8}.Release|Win32.Build.0 = Release|Win32
	EndGlobalSection
	GlobalSection(SolutionProperties) = preSolution
		HideSolutionNode = FALSE
	EndGlobalSection
EndGlobal
